
Microsoft Visual Studio Solution File, Format Version 11.00
# Visual Studio 2010
Project("{8BC9CEB8-8B4A-11D0-8D11-00A0C91BC942}") = "my_stack", "my_stack\my_stack.vcxproj", "{79488450-947D-4625-8437-9FE64E3908D2}"
EndProject
Global
	GlobalSection(SolutionConfigurationPlatforms) = preSolution
		Debug|Win32 = Debug|Win32
		Release|Win32 = Release|Win32
	EndGlobalSection
	GlobalSection(ProjectConfigurationPlatforms) = postSolution
		{79488450-947D-4625-8437-9FE64E3908D2}.Debug|Win32.ActiveCfg = Debug|Win32
		{79488450-947D-4625-8437-9FE64E3908D2}.Debug|Win32.Build.0 = Debug|Win32
		{79488450-947D-4625-8437-9FE64E3908D2}.Release|Win32.ActiveCfg = Release|Win32
		{79488450-947D-4625-8437-9FE64E3908D2}.Release|Win32.Build.0 = Release|Win32
	EndGlobalSection
	GlobalSection(SolutionProperties) = preSolution
		HideSolutionNode = FALSE
	EndGlobalSection
EndGlobal
