
Microsoft Visual Studio Solution File, Format Version 11.00
# Visual Studio 2010
Project("{8BC9CEB8-8B4A-11D0-8D11-00A0C91BC942}") = "divide_and_conquer_max_subarray", "divide_and_conquer_max_subarray\divide_and_conquer_max_subarray.vcxproj", "{9F93E648-8055-4306-B482-52E34E0D6A25}"
EndProject
Global
	GlobalSection(SolutionConfigurationPlatforms) = preSolution
		Debug|Win32 = Debug|Win32
		Release|Win32 = Release|Win32
	EndGlobalSection
	GlobalSection(ProjectConfigurationPlatforms) = postSolution
		{9F93E648-8055-4306-B482-52E34E0D6A25}.Debug|Win32.ActiveCfg = Debug|Win32
		{9F93E648-8055-4306-B482-52E34E0D6A25}.Debug|Win32.Build.0 = Debug|Win32
		{9F93E648-8055-4306-B482-52E34E0D6A25}.Release|Win32.ActiveCfg = Release|Win32
		{9F93E648-8055-4306-B482-52E34E0D6A25}.Release|Win32.Build.0 = Release|Win32
	EndGlobalSection
	GlobalSection(SolutionProperties) = preSolution
		HideSolutionNode = FALSE
	EndGlobalSection
EndGlobal
