
Microsoft Visual Studio Solution File, Format Version 11.00
# Visual Studio 2010
Project("{8BC9CEB8-8B4A-11D0-8D11-00A0C91BC942}") = "heap_Sort", "heap_Sort\heap_Sort.vcxproj", "{094A63C0-B6E9-4344-BD9E-510CA87CDA51}"
EndProject
Global
	GlobalSection(SolutionConfigurationPlatforms) = preSolution
		Debug|Win32 = Debug|Win32
		Release|Win32 = Release|Win32
	EndGlobalSection
	GlobalSection(ProjectConfigurationPlatforms) = postSolution
		{094A63C0-B6E9-4344-BD9E-510CA87CDA51}.Debug|Win32.ActiveCfg = Debug|Win32
		{094A63C0-B6E9-4344-BD9E-510CA87CDA51}.Debug|Win32.Build.0 = Debug|Win32
		{094A63C0-B6E9-4344-BD9E-510CA87CDA51}.Release|Win32.ActiveCfg = Release|Win32
		{094A63C0-B6E9-4344-BD9E-510CA87CDA51}.Release|Win32.Build.0 = Release|Win32
	EndGlobalSection
	GlobalSection(SolutionProperties) = preSolution
		HideSolutionNode = FALSE
	EndGlobalSection
EndGlobal
