
Microsoft Visual Studio Solution File, Format Version 11.00
# Visual Studio 2010
Project("{8BC9CEB8-8B4A-11D0-8D11-00A0C91BC942}") = "my_queue", "my_queue\my_queue.vcxproj", "{504312DF-C2B9-46F4-9220-6BF0B177EEA6}"
EndProject
Global
	GlobalSection(SolutionConfigurationPlatforms) = preSolution
		Debug|Win32 = Debug|Win32
		Release|Win32 = Release|Win32
	EndGlobalSection
	GlobalSection(ProjectConfigurationPlatforms) = postSolution
		{504312DF-C2B9-46F4-9220-6BF0B177EEA6}.Debug|Win32.ActiveCfg = Debug|Win32
		{504312DF-C2B9-46F4-9220-6BF0B177EEA6}.Debug|Win32.Build.0 = Debug|Win32
		{504312DF-C2B9-46F4-9220-6BF0B177EEA6}.Release|Win32.ActiveCfg = Release|Win32
		{504312DF-C2B9-46F4-9220-6BF0B177EEA6}.Release|Win32.Build.0 = Release|Win32
	EndGlobalSection
	GlobalSection(SolutionProperties) = preSolution
		HideSolutionNode = FALSE
	EndGlobalSection
EndGlobal
