
Microsoft Visual Studio Solution File, Format Version 11.00
# Visual Studio 2010
Project("{8BC9CEB8-8B4A-11D0-8D11-00A0C91BC942}") = "Dynamic_Prog_Matrix_Chain_Order", "Dynamic_Prog_Matrix_Chain_Order\Dynamic_Prog_Matrix_Chain_Order.vcxproj", "{0283F0C2-584D-481C-983F-256A2FD7B0D1}"
EndProject
Global
	GlobalSection(SolutionConfigurationPlatforms) = preSolution
		Debug|Win32 = Debug|Win32
		Release|Win32 = Release|Win32
	EndGlobalSection
	GlobalSection(ProjectConfigurationPlatforms) = postSolution
		{0283F0C2-584D-481C-983F-256A2FD7B0D1}.Debug|Win32.ActiveCfg = Debug|Win32
		{0283F0C2-584D-481C-983F-256A2FD7B0D1}.Debug|Win32.Build.0 = Debug|Win32
		{0283F0C2-584D-481C-983F-256A2FD7B0D1}.Release|Win32.ActiveCfg = Release|Win32
		{0283F0C2-584D-481C-983F-256A2FD7B0D1}.Release|Win32.Build.0 = Release|Win32
	EndGlobalSection
	GlobalSection(SolutionProperties) = preSolution
		HideSolutionNode = FALSE
	EndGlobalSection
EndGlobal
